
Microsoft Visual Studio Solution File, Format Version 12.00
# Visual Studio Version 17
VisualStudioVersion = 17.12.35521.163
MinimumVisualStudioVersion = 10.0.40219.1
Project("{FAE04EC0-301F-11D3-BF4B-00C04F79EFBC}") = "API", "API\API.csproj", "{7D3F482A-93FA-48F7-AFB4-5C0CCB062DDD}"
EndProject
Project("{FAE04EC0-301F-11D3-BF4B-00C04F79EFBC}") = "BackOffice", "BackOffice\BackOffice.csproj", "{F90C202E-CA13-41CD-A8D2-07E18556FA1A}"
EndProject
Global
	GlobalSection(SolutionConfigurationPlatforms) = preSolution
		Debug|Any CPU = Debug|Any CPU
		Release|Any CPU = Release|Any CPU
	EndGlobalSection
	GlobalSection(ProjectConfigurationPlatforms) = postSolution
		{7D3F482A-93FA-48F7-AFB4-5C0CCB062DDD}.Debug|Any CPU.ActiveCfg = Debug|Any CPU
		{7D3F482A-93FA-48F7-AFB4-5C0CCB062DDD}.Debug|Any CPU.Build.0 = Debug|Any CPU
		{7D3F482A-93FA-48F7-AFB4-5C0CCB062DDD}.Release|Any CPU.ActiveCfg = Release|Any CPU
		{7D3F482A-93FA-48F7-AFB4-5C0CCB062DDD}.Release|Any CPU.Build.0 = Release|Any CPU
		{F90C202E-CA13-41CD-A8D2-07E18556FA1A}.Debug|Any CPU.ActiveCfg = Debug|Any CPU
		{F90C202E-CA13-41CD-A8D2-07E18556FA1A}.Debug|Any CPU.Build.0 = Debug|Any CPU
		{F90C202E-CA13-41CD-A8D2-07E18556FA1A}.Release|Any CPU.ActiveCfg = Release|Any CPU
		{F90C202E-CA13-41CD-A8D2-07E18556FA1A}.Release|Any CPU.Build.0 = Release|Any CPU
	EndGlobalSection
	GlobalSection(SolutionProperties) = preSolution
		HideSolutionNode = FALSE
	EndGlobalSection
	GlobalSection(ExtensibilityGlobals) = postSolution
		RESX_ExcelExportMode = SingleSheet
	EndGlobalSection
EndGlobal
